
Microsoft Visual Studio Solution File, Format Version 11.00
# Visual Studio 2010
Project("{FAE04EC0-301F-11D3-BF4B-00C04F79EFBC}") = "Prerequisites.Validator", "Prerequisites.Validator\Prerequisites.Validator.csproj", "{5EF0DA1A-7EDB-4241-B7B2-C4CD00A72222}"
EndProject
Project("{FAE04EC0-301F-11D3-BF4B-00C04F79EFBC}") = "Prerequisites.Validator.Network", "Prerequisites.Validator.Network\Prerequisites.Validator.Network.csproj", "{47B3E29F-3E4B-4E9C-8FD2-DBDC3D955641}"
EndProject
Project("{FAE04EC0-301F-11D3-BF4B-00C04F79EFBC}") = "Prerequisites.Validator.Database", "Prerequisites.Validator.Database\Prerequisites.Validator.Database.csproj", "{A9864BEC-3BE9-4667-8ED9-368A1E37B8C7}"
EndProject
Project("{FAE04EC0-301F-11D3-BF4B-00C04F79EFBC}") = "Prerequisites.Validator.XmlSettings", "Prerequisites.Validator.XmlSettings\Prerequisites.Validator.XmlSettings.csproj", "{4C3FC227-AC03-46C2-A4E8-31FA75C9B7F4}"
EndProject
Global
	GlobalSection(SolutionConfigurationPlatforms) = preSolution
		Debug|Any CPU = Debug|Any CPU
		Debug|Mixed Platforms = Debug|Mixed Platforms
		Debug|x86 = Debug|x86
		Release|Any CPU = Release|Any CPU
		Release|Mixed Platforms = Release|Mixed Platforms
		Release|x86 = Release|x86
	EndGlobalSection
	GlobalSection(ProjectConfigurationPlatforms) = postSolution
		{5EF0DA1A-7EDB-4241-B7B2-C4CD00A72222}.Debug|Any CPU.ActiveCfg = Debug|x86
		{5EF0DA1A-7EDB-4241-B7B2-C4CD00A72222}.Debug|Mixed Platforms.ActiveCfg = Debug|x86
		{5EF0DA1A-7EDB-4241-B7B2-C4CD00A72222}.Debug|Mixed Platforms.Build.0 = Debug|x86
		{5EF0DA1A-7EDB-4241-B7B2-C4CD00A72222}.Debug|x86.ActiveCfg = Debug|x86
		{5EF0DA1A-7EDB-4241-B7B2-C4CD00A72222}.Debug|x86.Build.0 = Debug|x86
		{5EF0DA1A-7EDB-4241-B7B2-C4CD00A72222}.Release|Any CPU.ActiveCfg = Release|x86
		{5EF0DA1A-7EDB-4241-B7B2-C4CD00A72222}.Release|Mixed Platforms.ActiveCfg = Release|x86
		{5EF0DA1A-7EDB-4241-B7B2-C4CD00A72222}.Release|Mixed Platforms.Build.0 = Release|x86
		{5EF0DA1A-7EDB-4241-B7B2-C4CD00A72222}.Release|x86.ActiveCfg = Release|x86
		{5EF0DA1A-7EDB-4241-B7B2-C4CD00A72222}.Release|x86.Build.0 = Release|x86
		{47B3E29F-3E4B-4E9C-8FD2-DBDC3D955641}.Debug|Any CPU.ActiveCfg = Debug|Any CPU
		{47B3E29F-3E4B-4E9C-8FD2-DBDC3D955641}.Debug|Any CPU.Build.0 = Debug|Any CPU
		{47B3E29F-3E4B-4E9C-8FD2-DBDC3D955641}.Debug|Mixed Platforms.ActiveCfg = Debug|Any CPU
		{47B3E29F-3E4B-4E9C-8FD2-DBDC3D955641}.Debug|Mixed Platforms.Build.0 = Debug|Any CPU
		{47B3E29F-3E4B-4E9C-8FD2-DBDC3D955641}.Debug|x86.ActiveCfg = Debug|Any CPU
		{47B3E29F-3E4B-4E9C-8FD2-DBDC3D955641}.Release|Any CPU.ActiveCfg = Release|Any CPU
		{47B3E29F-3E4B-4E9C-8FD2-DBDC3D955641}.Release|Any CPU.Build.0 = Release|Any CPU
		{47B3E29F-3E4B-4E9C-8FD2-DBDC3D955641}.Release|Mixed Platforms.ActiveCfg = Release|Any CPU
		{47B3E29F-3E4B-4E9C-8FD2-DBDC3D955641}.Release|Mixed Platforms.Build.0 = Release|Any CPU
		{47B3E29F-3E4B-4E9C-8FD2-DBDC3D955641}.Release|x86.ActiveCfg = Release|Any CPU
		{A9864BEC-3BE9-4667-8ED9-368A1E37B8C7}.Debug|Any CPU.ActiveCfg = Debug|Any CPU
		{A9864BEC-3BE9-4667-8ED9-368A1E37B8C7}.Debug|Any CPU.Build.0 = Debug|Any CPU
		{A9864BEC-3BE9-4667-8ED9-368A1E37B8C7}.Debug|Mixed Platforms.ActiveCfg = Debug|Any CPU
		{A9864BEC-3BE9-4667-8ED9-368A1E37B8C7}.Debug|Mixed Platforms.Build.0 = Debug|Any CPU
		{A9864BEC-3BE9-4667-8ED9-368A1E37B8C7}.Debug|x86.ActiveCfg = Debug|Any CPU
		{A9864BEC-3BE9-4667-8ED9-368A1E37B8C7}.Release|Any CPU.ActiveCfg = Release|Any CPU
		{A9864BEC-3BE9-4667-8ED9-368A1E37B8C7}.Release|Any CPU.Build.0 = Release|Any CPU
		{A9864BEC-3BE9-4667-8ED9-368A1E37B8C7}.Release|Mixed Platforms.ActiveCfg = Release|Any CPU
		{A9864BEC-3BE9-4667-8ED9-368A1E37B8C7}.Release|Mixed Platforms.Build.0 = Release|Any CPU
		{A9864BEC-3BE9-4667-8ED9-368A1E37B8C7}.Release|x86.ActiveCfg = Release|Any CPU
		{4C3FC227-AC03-46C2-A4E8-31FA75C9B7F4}.Debug|Any CPU.ActiveCfg = Debug|Any CPU
		{4C3FC227-AC03-46C2-A4E8-31FA75C9B7F4}.Debug|Any CPU.Build.0 = Debug|Any CPU
		{4C3FC227-AC03-46C2-A4E8-31FA75C9B7F4}.Debug|Mixed Platforms.ActiveCfg = Debug|Any CPU
		{4C3FC227-AC03-46C2-A4E8-31FA75C9B7F4}.Debug|Mixed Platforms.Build.0 = Debug|Any CPU
		{4C3FC227-AC03-46C2-A4E8-31FA75C9B7F4}.Debug|x86.ActiveCfg = Debug|Any CPU
		{4C3FC227-AC03-46C2-A4E8-31FA75C9B7F4}.Release|Any CPU.ActiveCfg = Release|Any CPU
		{4C3FC227-AC03-46C2-A4E8-31FA75C9B7F4}.Release|Any CPU.Build.0 = Release|Any CPU
		{4C3FC227-AC03-46C2-A4E8-31FA75C9B7F4}.Release|Mixed Platforms.ActiveCfg = Release|Any CPU
		{4C3FC227-AC03-46C2-A4E8-31FA75C9B7F4}.Release|Mixed Platforms.Build.0 = Release|Any CPU
		{4C3FC227-AC03-46C2-A4E8-31FA75C9B7F4}.Release|x86.ActiveCfg = Release|Any CPU
	EndGlobalSection
	GlobalSection(SolutionProperties) = preSolution
		HideSolutionNode = FALSE
	EndGlobalSection
EndGlobal
